
Microsoft Visual Studio Solution File, Format Version 12.00
# Visual Studio Version 17
VisualStudioVersion = 17.10.35027.167
MinimumVisualStudioVersion = 10.0.40219.1
Project("{9A19103F-16F7-4668-BE54-9A1E7A4F7556}") = "SmartStock", "SmartStock.csproj", "{70E38D83-60D7-4C19-9DCD-B7C61BEF5C00}"
EndProject
Project("{9A19103F-16F7-4668-BE54-9A1E7A4F7556}") = "ConexionSQL", "..\ConexionSQL\ConexionSQL.csproj", "{848D41DC-80A5-4563-9D06-3DE9D01C6FB5}"
EndProject
Project("{FAE04EC0-301F-11D3-BF4B-00C04F79EFBC}") = "Logica", "..\Logica\Logica.csproj", "{872D19E3-F2E3-45F1-A61D-B586EE033443}"
EndProject
Project("{FAE04EC0-301F-11D3-BF4B-00C04F79EFBC}") = "TestProject1", "..\TestProject1\TestProject1.csproj", "{D5BC876C-F0DA-4E6D-B9B2-6381441963DF}"
EndProject
Global
	GlobalSection(SolutionConfigurationPlatforms) = preSolution
		Debug|Any CPU = Debug|Any CPU
		Release|Any CPU = Release|Any CPU
	EndGlobalSection
	GlobalSection(ProjectConfigurationPlatforms) = postSolution
		{70E38D83-60D7-4C19-9DCD-B7C61BEF5C00}.Debug|Any CPU.ActiveCfg = Debug|Any CPU
		{70E38D83-60D7-4C19-9DCD-B7C61BEF5C00}.Debug|Any CPU.Build.0 = Debug|Any CPU
		{70E38D83-60D7-4C19-9DCD-B7C61BEF5C00}.Release|Any CPU.ActiveCfg = Release|Any CPU
		{70E38D83-60D7-4C19-9DCD-B7C61BEF5C00}.Release|Any CPU.Build.0 = Release|Any CPU
		{848D41DC-80A5-4563-9D06-3DE9D01C6FB5}.Debug|Any CPU.ActiveCfg = Debug|Any CPU
		{848D41DC-80A5-4563-9D06-3DE9D01C6FB5}.Debug|Any CPU.Build.0 = Debug|Any CPU
		{848D41DC-80A5-4563-9D06-3DE9D01C6FB5}.Release|Any CPU.ActiveCfg = Release|Any CPU
		{848D41DC-80A5-4563-9D06-3DE9D01C6FB5}.Release|Any CPU.Build.0 = Release|Any CPU
		{872D19E3-F2E3-45F1-A61D-B586EE033443}.Debug|Any CPU.ActiveCfg = Debug|Any CPU
		{872D19E3-F2E3-45F1-A61D-B586EE033443}.Debug|Any CPU.Build.0 = Debug|Any CPU
		{872D19E3-F2E3-45F1-A61D-B586EE033443}.Release|Any CPU.ActiveCfg = Release|Any CPU
		{872D19E3-F2E3-45F1-A61D-B586EE033443}.Release|Any CPU.Build.0 = Release|Any CPU
		{D5BC876C-F0DA-4E6D-B9B2-6381441963DF}.Debug|Any CPU.ActiveCfg = Debug|Any CPU
		{D5BC876C-F0DA-4E6D-B9B2-6381441963DF}.Debug|Any CPU.Build.0 = Debug|Any CPU
		{D5BC876C-F0DA-4E6D-B9B2-6381441963DF}.Release|Any CPU.ActiveCfg = Release|Any CPU
		{D5BC876C-F0DA-4E6D-B9B2-6381441963DF}.Release|Any CPU.Build.0 = Release|Any CPU
	EndGlobalSection
	GlobalSection(SolutionProperties) = preSolution
		HideSolutionNode = FALSE
	EndGlobalSection
	GlobalSection(ExtensibilityGlobals) = postSolution
		SolutionGuid = {E6B537D9-10B2-4842-BC85-C61011BFFB15}
	EndGlobalSection
EndGlobal
